
Microsoft Visual Studio Solution File, Format Version 12.00
# Visual Studio Version 16
VisualStudioVersion = 16.0.29806.167
MinimumVisualStudioVersion = 10.0.40219.1
Project("{FAE04EC0-301F-11D3-BF4B-00C04F79EFBC}") = "DiscordAudioStream", "DiscordAudioStream\DiscordAudioStream.csproj", "{F252CF15-BB2F-4928-A56E-1E83B0970FE8}"
EndProject
Project("{FAE04EC0-301F-11D3-BF4B-00C04F79EFBC}") = "DiscordAudioStreamService", "DiscordAudioStreamService\DiscordAudioStreamService.csproj", "{C3B2C4DE-FF16-4D6F-BD28-80C2C42A5228}"
EndProject
Project("{FAE04EC0-301F-11D3-BF4B-00C04F79EFBC}") = "WindowsFormsAudioControls", "WindowsFormsAudioControls\WindowsFormsAudioControls.csproj", "{E30447B6-6F28-46C4-83D6-1D9AEE055BB4}"
EndProject
Project("{FAE04EC0-301F-11D3-BF4B-00C04F79EFBC}") = "AudioProcessing", "AudioProcessing\AudioProcessing.csproj", "{AFC6A6C9-9354-4FDA-866D-335BB4572BA9}"
EndProject
Global
	GlobalSection(SolutionConfigurationPlatforms) = preSolution
		Debug|Any CPU = Debug|Any CPU
		Release|Any CPU = Release|Any CPU
	EndGlobalSection
	GlobalSection(ProjectConfigurationPlatforms) = postSolution
		{F252CF15-BB2F-4928-A56E-1E83B0970FE8}.Debug|Any CPU.ActiveCfg = Debug|Any CPU
		{F252CF15-BB2F-4928-A56E-1E83B0970FE8}.Debug|Any CPU.Build.0 = Debug|Any CPU
		{F252CF15-BB2F-4928-A56E-1E83B0970FE8}.Release|Any CPU.ActiveCfg = Release|Any CPU
		{F252CF15-BB2F-4928-A56E-1E83B0970FE8}.Release|Any CPU.Build.0 = Release|Any CPU
		{C3B2C4DE-FF16-4D6F-BD28-80C2C42A5228}.Debug|Any CPU.ActiveCfg = Debug|Any CPU
		{C3B2C4DE-FF16-4D6F-BD28-80C2C42A5228}.Debug|Any CPU.Build.0 = Debug|Any CPU
		{C3B2C4DE-FF16-4D6F-BD28-80C2C42A5228}.Release|Any CPU.ActiveCfg = Release|Any CPU
		{C3B2C4DE-FF16-4D6F-BD28-80C2C42A5228}.Release|Any CPU.Build.0 = Release|Any CPU
		{E30447B6-6F28-46C4-83D6-1D9AEE055BB4}.Debug|Any CPU.ActiveCfg = Debug|Any CPU
		{E30447B6-6F28-46C4-83D6-1D9AEE055BB4}.Debug|Any CPU.Build.0 = Debug|Any CPU
		{E30447B6-6F28-46C4-83D6-1D9AEE055BB4}.Release|Any CPU.ActiveCfg = Release|Any CPU
		{E30447B6-6F28-46C4-83D6-1D9AEE055BB4}.Release|Any CPU.Build.0 = Release|Any CPU
		{AFC6A6C9-9354-4FDA-866D-335BB4572BA9}.Debug|Any CPU.ActiveCfg = Debug|Any CPU
		{AFC6A6C9-9354-4FDA-866D-335BB4572BA9}.Debug|Any CPU.Build.0 = Debug|Any CPU
		{AFC6A6C9-9354-4FDA-866D-335BB4572BA9}.Release|Any CPU.ActiveCfg = Release|Any CPU
		{AFC6A6C9-9354-4FDA-866D-335BB4572BA9}.Release|Any CPU.Build.0 = Release|Any CPU
	EndGlobalSection
	GlobalSection(SolutionProperties) = preSolution
		HideSolutionNode = FALSE
	EndGlobalSection
	GlobalSection(ExtensibilityGlobals) = postSolution
		SolutionGuid = {CA5C94FA-8FDB-451D-AA89-79F661347877}
	EndGlobalSection
EndGlobal
